
Microsoft Visual Studio Solution File, Format Version 12.00
# Visual Studio Version 16
VisualStudioVersion = 16.0.30406.217
MinimumVisualStudioVersion = 10.0.40219.1
Project("{9A19103F-16F7-4668-BE54-9A1E7A4F7556}") = "Interesse.App", "Interesse.App\Interesse.App.csproj", "{81B616DA-A6E2-4278-890F-1610D6E455ED}"
EndProject
Project("{9A19103F-16F7-4668-BE54-9A1E7A4F7556}") = "Interesse.DbLayer", "Interesse.DbLayer\Interesse.DbLayer.csproj", "{2DC66FC4-52BE-42E4-9D7F-256C2B71C3AA}"
EndProject
Project("{9A19103F-16F7-4668-BE54-9A1E7A4F7556}") = "Interesse.ServiceLayer", "Interesse.ServiceLayer\Interesse.ServiceLayer.csproj", "{6B5CE577-E96E-4132-8FB9-541B1DBB3875}"
EndProject
Project("{9A19103F-16F7-4668-BE54-9A1E7A4F7556}") = "Interesse.Domain", "Interesse.Domain\Interesse.Domain.csproj", "{1EF8C200-7334-4361-AC08-A442047BF843}"
EndProject
Global
	GlobalSection(SolutionConfigurationPlatforms) = preSolution
		Debug|Any CPU = Debug|Any CPU
		Release|Any CPU = Release|Any CPU
	EndGlobalSection
	GlobalSection(ProjectConfigurationPlatforms) = postSolution
		{81B616DA-A6E2-4278-890F-1610D6E455ED}.Debug|Any CPU.ActiveCfg = Debug|Any CPU
		{81B616DA-A6E2-4278-890F-1610D6E455ED}.Debug|Any CPU.Build.0 = Debug|Any CPU
		{81B616DA-A6E2-4278-890F-1610D6E455ED}.Release|Any CPU.ActiveCfg = Release|Any CPU
		{81B616DA-A6E2-4278-890F-1610D6E455ED}.Release|Any CPU.Build.0 = Release|Any CPU
		{2DC66FC4-52BE-42E4-9D7F-256C2B71C3AA}.Debug|Any CPU.ActiveCfg = Debug|Any CPU
		{2DC66FC4-52BE-42E4-9D7F-256C2B71C3AA}.Debug|Any CPU.Build.0 = Debug|Any CPU
		{2DC66FC4-52BE-42E4-9D7F-256C2B71C3AA}.Release|Any CPU.ActiveCfg = Release|Any CPU
		{2DC66FC4-52BE-42E4-9D7F-256C2B71C3AA}.Release|Any CPU.Build.0 = Release|Any CPU
		{6B5CE577-E96E-4132-8FB9-541B1DBB3875}.Debug|Any CPU.ActiveCfg = Debug|Any CPU
		{6B5CE577-E96E-4132-8FB9-541B1DBB3875}.Debug|Any CPU.Build.0 = Debug|Any CPU
		{6B5CE577-E96E-4132-8FB9-541B1DBB3875}.Release|Any CPU.ActiveCfg = Release|Any CPU
		{6B5CE577-E96E-4132-8FB9-541B1DBB3875}.Release|Any CPU.Build.0 = Release|Any CPU
		{1EF8C200-7334-4361-AC08-A442047BF843}.Debug|Any CPU.ActiveCfg = Debug|Any CPU
		{1EF8C200-7334-4361-AC08-A442047BF843}.Debug|Any CPU.Build.0 = Debug|Any CPU
		{1EF8C200-7334-4361-AC08-A442047BF843}.Release|Any CPU.ActiveCfg = Release|Any CPU
		{1EF8C200-7334-4361-AC08-A442047BF843}.Release|Any CPU.Build.0 = Release|Any CPU
		{C0A4E365-3F0D-4458-9CDE-44BE82778056}.Debug|Any CPU.ActiveCfg = Debug|Any CPU
		{C0A4E365-3F0D-4458-9CDE-44BE82778056}.Debug|Any CPU.Build.0 = Debug|Any CPU
		{C0A4E365-3F0D-4458-9CDE-44BE82778056}.Release|Any CPU.ActiveCfg = Release|Any CPU
		{C0A4E365-3F0D-4458-9CDE-44BE82778056}.Release|Any CPU.Build.0 = Release|Any CPU
	EndGlobalSection
	GlobalSection(SolutionProperties) = preSolution
		HideSolutionNode = FALSE
	EndGlobalSection
	GlobalSection(ExtensibilityGlobals) = postSolution
		SolutionGuid = {50EC3066-1190-4695-8D5A-389F1BB049B6}
	EndGlobalSection
EndGlobal
